
Microsoft Visual Studio Solution File, Format Version 12.00
# Visual Studio Version 16
VisualStudioVersion = 16.0.29503.13
MinimumVisualStudioVersion = 10.0.40219.1
Project("{FAE04EC0-301F-11D3-BF4B-00C04F79EFBC}") = "TaskManager", "TaskManager.csproj", "{99E9749C-2C06-4E52-B719-2E06FC9E3DFC}"
EndProject
Global
	GlobalSection(SolutionConfigurationPlatforms) = preSolution
		Debug|Any CPU = Debug|Any CPU
		Release|Any CPU = Release|Any CPU
	EndGlobalSection
	GlobalSection(ProjectConfigurationPlatforms) = postSolution
		{99E9749C-2C06-4E52-B719-2E06FC9E3DFC}.Debug|Any CPU.ActiveCfg = Debug|Any CPU
		{99E9749C-2C06-4E52-B719-2E06FC9E3DFC}.Debug|Any CPU.Build.0 = Debug|Any CPU
		{99E9749C-2C06-4E52-B719-2E06FC9E3DFC}.Release|Any CPU.ActiveCfg = Release|Any CPU
		{99E9749C-2C06-4E52-B719-2E06FC9E3DFC}.Release|Any CPU.Build.0 = Release|Any CPU
	EndGlobalSection
	GlobalSection(SolutionProperties) = preSolution
		HideSolutionNode = FALSE
	EndGlobalSection
	GlobalSection(ExtensibilityGlobals) = postSolution
		SolutionGuid = {91E6AF23-C4D5-4389-85D6-FA14A69C9A7B}
	EndGlobalSection
EndGlobal
